
Microsoft Visual Studio Solution File, Format Version 12.00
# Visual Studio 15
Project("{FAE04EC0-301F-11D3-BF4B-00C04F79EFBC}") = "Assembly-CSharp-Editor", "Assembly-CSharp-Editor.csproj", "{DB605627-DB28-9F94-7188-4427E4D5A3D3}"
EndProject
Project("{FAE04EC0-301F-11D3-BF4B-00C04F79EFBC}") = "Assembly-CSharp", "Assembly-CSharp.csproj", "{4D7B0275-47A7-36D7-0788-7D7B6F8206D5}"
EndProject
Global
	GlobalSection(SolutionConfigurationPlatforms) = preSolution
		Debug|Any CPU = Debug|Any CPU
		Release|Any CPU = Release|Any CPU
	EndGlobalSection
	GlobalSection(ProjectConfigurationPlatforms) = postSolution
		{DB605627-DB28-9F94-7188-4427E4D5A3D3}.Debug|Any CPU.ActiveCfg = Debug|Any CPU
		{DB605627-DB28-9F94-7188-4427E4D5A3D3}.Debug|Any CPU.Build.0 = Debug|Any CPU
		{DB605627-DB28-9F94-7188-4427E4D5A3D3}.Release|Any CPU.ActiveCfg = Release|Any CPU
		{DB605627-DB28-9F94-7188-4427E4D5A3D3}.Release|Any CPU.Build.0 = Release|Any CPU
		{4D7B0275-47A7-36D7-0788-7D7B6F8206D5}.Debug|Any CPU.ActiveCfg = Debug|Any CPU
		{4D7B0275-47A7-36D7-0788-7D7B6F8206D5}.Debug|Any CPU.Build.0 = Debug|Any CPU
		{4D7B0275-47A7-36D7-0788-7D7B6F8206D5}.Release|Any CPU.ActiveCfg = Release|Any CPU
		{4D7B0275-47A7-36D7-0788-7D7B6F8206D5}.Release|Any CPU.Build.0 = Release|Any CPU
	EndGlobalSection
	GlobalSection(SolutionProperties) = preSolution
		HideSolutionNode = FALSE
	EndGlobalSection
EndGlobal
